
Microsoft Visual Studio Solution File, Format Version 12.00
# Visual Studio 15
VisualStudioVersion = 15.0.27428.2037
MinimumVisualStudioVersion = 10.0.40219.1
Project("{FAE04EC0-301F-11D3-BF4B-00C04F79EFBC}") = "TTService", "TTService\TTService.csproj", "{15B3E0D2-6217-493A-A690-158C497F5318}"
EndProject
Project("{E24C65DC-7377-472B-9ABA-BC803B73C61A}") = "TTSite", "http://localhost:63756", "{C1FD1CB8-4DE0-44C3-A391-A7F350A1D5E3}"
	ProjectSection(WebsiteProperties) = preProject
		UseIISExpress = "true"
		TargetFrameworkMoniker = ".NETFramework,Version%3Dv4.5"
		ProjectReferences = "{15b3e0d2-6217-493a-a690-158c497f5318}|TTService.dll;"
		Debug.AspNetCompiler.VirtualPath = "/localhost_63756"
		Debug.AspNetCompiler.PhysicalPath = "TTSite\"
		Debug.AspNetCompiler.TargetPath = "PrecompiledWeb\localhost_63756\"
		Debug.AspNetCompiler.Updateable = "true"
		Debug.AspNetCompiler.ForceOverwrite = "true"
		Debug.AspNetCompiler.FixedNames = "false"
		Debug.AspNetCompiler.Debug = "True"
		Release.AspNetCompiler.VirtualPath = "/localhost_63756"
		Release.AspNetCompiler.PhysicalPath = "TTSite\"
		Release.AspNetCompiler.TargetPath = "PrecompiledWeb\localhost_63756\"
		Release.AspNetCompiler.Updateable = "true"
		Release.AspNetCompiler.ForceOverwrite = "true"
		Release.AspNetCompiler.FixedNames = "false"
		Release.AspNetCompiler.Debug = "False"
		SlnRelativePath = "TTSite\"
		DefaultWebSiteLanguage = "Visual C#"
	EndProjectSection
EndProject
Project("{FAE04EC0-301F-11D3-BF4B-00C04F79EFBC}") = "DepartmentGUI", "DepartmentGUI\DepartmentGUI.csproj", "{365961C1-ADEB-4C69-BA11-E87C0C4EF089}"
	ProjectSection(ProjectDependencies) = postProject
		{C1FD1CB8-4DE0-44C3-A391-A7F350A1D5E3} = {C1FD1CB8-4DE0-44C3-A391-A7F350A1D5E3}
	EndProjectSection
EndProject
Project("{FAE04EC0-301F-11D3-BF4B-00C04F79EFBC}") = "SolverGUI", "SolverGUI\SolverGUI.csproj", "{D08C9C1A-FC49-4C74-B701-2600F8A933ED}"
	ProjectSection(ProjectDependencies) = postProject
		{C1FD1CB8-4DE0-44C3-A391-A7F350A1D5E3} = {C1FD1CB8-4DE0-44C3-A391-A7F350A1D5E3}
		{15B3E0D2-6217-493A-A690-158C497F5318} = {15B3E0D2-6217-493A-A690-158C497F5318}
	EndProjectSection
EndProject
Global
	GlobalSection(SolutionConfigurationPlatforms) = preSolution
		Debug|Any CPU = Debug|Any CPU
		Release|Any CPU = Release|Any CPU
	EndGlobalSection
	GlobalSection(ProjectConfigurationPlatforms) = postSolution
		{15B3E0D2-6217-493A-A690-158C497F5318}.Debug|Any CPU.ActiveCfg = Debug|Any CPU
		{15B3E0D2-6217-493A-A690-158C497F5318}.Debug|Any CPU.Build.0 = Debug|Any CPU
		{15B3E0D2-6217-493A-A690-158C497F5318}.Release|Any CPU.ActiveCfg = Release|Any CPU
		{15B3E0D2-6217-493A-A690-158C497F5318}.Release|Any CPU.Build.0 = Release|Any CPU
		{C1FD1CB8-4DE0-44C3-A391-A7F350A1D5E3}.Debug|Any CPU.ActiveCfg = Debug|Any CPU
		{C1FD1CB8-4DE0-44C3-A391-A7F350A1D5E3}.Debug|Any CPU.Build.0 = Debug|Any CPU
		{C1FD1CB8-4DE0-44C3-A391-A7F350A1D5E3}.Release|Any CPU.ActiveCfg = Debug|Any CPU
		{C1FD1CB8-4DE0-44C3-A391-A7F350A1D5E3}.Release|Any CPU.Build.0 = Debug|Any CPU
		{365961C1-ADEB-4C69-BA11-E87C0C4EF089}.Debug|Any CPU.ActiveCfg = Debug|Any CPU
		{365961C1-ADEB-4C69-BA11-E87C0C4EF089}.Debug|Any CPU.Build.0 = Debug|Any CPU
		{365961C1-ADEB-4C69-BA11-E87C0C4EF089}.Release|Any CPU.ActiveCfg = Release|Any CPU
		{365961C1-ADEB-4C69-BA11-E87C0C4EF089}.Release|Any CPU.Build.0 = Release|Any CPU
		{D08C9C1A-FC49-4C74-B701-2600F8A933ED}.Debug|Any CPU.ActiveCfg = Debug|Any CPU
		{D08C9C1A-FC49-4C74-B701-2600F8A933ED}.Debug|Any CPU.Build.0 = Debug|Any CPU
		{D08C9C1A-FC49-4C74-B701-2600F8A933ED}.Release|Any CPU.ActiveCfg = Release|Any CPU
		{D08C9C1A-FC49-4C74-B701-2600F8A933ED}.Release|Any CPU.Build.0 = Release|Any CPU
	EndGlobalSection
	GlobalSection(SolutionProperties) = preSolution
		HideSolutionNode = FALSE
	EndGlobalSection
	GlobalSection(ExtensibilityGlobals) = postSolution
		SolutionGuid = {EAEFDB77-A440-4A90-AE56-65CC72F065ED}
	EndGlobalSection
EndGlobal
