
Microsoft Visual Studio Solution File, Format Version 12.00
# Visual Studio 15
VisualStudioVersion = 15.0.27428.2011
MinimumVisualStudioVersion = 10.0.40219.1
Project("{E24C65DC-7377-472B-9ABA-BC803B73C61A}") = "TDIN", "TDIN\", "{48880DC1-6CAD-4AB0-B887-D9F925BAE5CF}"
	ProjectSection(WebsiteProperties) = preProject
		TargetFrameworkMoniker = ".NETFramework,Version%3Dv4.6.1"
		Debug.AspNetCompiler.VirtualPath = "/localhost_50259"
		Debug.AspNetCompiler.PhysicalPath = "TDIN\"
		Debug.AspNetCompiler.TargetPath = "PrecompiledWeb\localhost_50259\"
		Debug.AspNetCompiler.Updateable = "true"
		Debug.AspNetCompiler.ForceOverwrite = "true"
		Debug.AspNetCompiler.FixedNames = "false"
		Debug.AspNetCompiler.Debug = "True"
		Release.AspNetCompiler.VirtualPath = "/localhost_50259"
		Release.AspNetCompiler.PhysicalPath = "TDIN\"
		Release.AspNetCompiler.TargetPath = "PrecompiledWeb\localhost_50259\"
		Release.AspNetCompiler.Updateable = "true"
		Release.AspNetCompiler.ForceOverwrite = "true"
		Release.AspNetCompiler.FixedNames = "false"
		Release.AspNetCompiler.Debug = "False"
		VWDPort = "50259"
		DefaultWebSiteLanguage = "Visual C#"
	EndProjectSection
EndProject
Global
	GlobalSection(SolutionConfigurationPlatforms) = preSolution
		Debug|Any CPU = Debug|Any CPU
	EndGlobalSection
	GlobalSection(ProjectConfigurationPlatforms) = postSolution
		{48880DC1-6CAD-4AB0-B887-D9F925BAE5CF}.Debug|Any CPU.ActiveCfg = Debug|Any CPU
		{48880DC1-6CAD-4AB0-B887-D9F925BAE5CF}.Debug|Any CPU.Build.0 = Debug|Any CPU
	EndGlobalSection
	GlobalSection(SolutionProperties) = preSolution
		HideSolutionNode = FALSE
	EndGlobalSection
	GlobalSection(ExtensibilityGlobals) = postSolution
		SolutionGuid = {513A5E2C-1B41-4A85-8364-1A2A12583E18}
	EndGlobalSection
EndGlobal
